
Microsoft Visual Studio Solution File, Format Version 12.00
# Visual Studio Version 17
VisualStudioVersion = 17.8.34309.116
MinimumVisualStudioVersion = 10.0.40219.1
Project("{FAE04EC0-301F-11D3-BF4B-00C04F79EFBC}") = "operacje arytmetyczne", "operacje arytmetyczne.csproj", "{1A5EF025-CE66-48BE-B9A1-A215AA09A0B7}"
EndProject
Global
	GlobalSection(SolutionConfigurationPlatforms) = preSolution
		Debug|Any CPU = Debug|Any CPU
		Release|Any CPU = Release|Any CPU
	EndGlobalSection
	GlobalSection(ProjectConfigurationPlatforms) = postSolution
		{1A5EF025-CE66-48BE-B9A1-A215AA09A0B7}.Debug|Any CPU.ActiveCfg = Debug|Any CPU
		{1A5EF025-CE66-48BE-B9A1-A215AA09A0B7}.Debug|Any CPU.Build.0 = Debug|Any CPU
		{1A5EF025-CE66-48BE-B9A1-A215AA09A0B7}.Release|Any CPU.ActiveCfg = Release|Any CPU
		{1A5EF025-CE66-48BE-B9A1-A215AA09A0B7}.Release|Any CPU.Build.0 = Release|Any CPU
	EndGlobalSection
	GlobalSection(SolutionProperties) = preSolution
		HideSolutionNode = FALSE
	EndGlobalSection
	GlobalSection(ExtensibilityGlobals) = postSolution
		SolutionGuid = {2C096D5E-A308-43DA-9683-202A6B77E323}
	EndGlobalSection
EndGlobal
